
Microsoft Visual Studio Solution File, Format Version 12.00
# Visual Studio Version 17
VisualStudioVersion = 17.10.35122.118
MinimumVisualStudioVersion = 10.0.40219.1
Project("{2150E333-8FDC-42A3-9474-1A3956D46DE8}") = "ApiGateways", "ApiGateways", "{02EA681E-C7D8-13C7-8484-4AC65E1B71E8}"
EndProject
Project("{2150E333-8FDC-42A3-9474-1A3956D46DE8}") = "BuildingBlocks", "BuildingBlocks", "{6A3CA002-41C3-49B5-826B-440EA28A7434}"
EndProject
Project("{2150E333-8FDC-42A3-9474-1A3956D46DE8}") = "Services", "Services", "{A358FC74-9F13-43E0-9499-03F53FD998AF}"
EndProject
Project("{2150E333-8FDC-42A3-9474-1A3956D46DE8}") = "Chat", "Chat", "{DED3AB21-FE72-401F-BB9E-9DC834F2C49B}"
EndProject
Project("{2150E333-8FDC-42A3-9474-1A3956D46DE8}") = "Post", "Post", "{032ED075-2361-4D5D-B7A8-1B615DAD81C5}"
EndProject
Project("{2150E333-8FDC-42A3-9474-1A3956D46DE8}") = "IdendityServer", "IdendityServer", "{90173416-DE1F-4E99-BA9A-6507FA58A782}"
EndProject
Project("{2150E333-8FDC-42A3-9474-1A3956D46DE8}") = "Notification", "Notification", "{42223C99-018D-4E5A-B713-A3F2C36FEA93}"
EndProject
Project("{2150E333-8FDC-42A3-9474-1A3956D46DE8}") = "SocialNetworkMicroservices", "SocialNetworkMicroservices", "{93E167E1-D727-4F96-9E35-6B0C4D240EC0}"
EndProject
Project("{9A19103F-16F7-4668-BE54-9A1E7A4F7556}") = "OcelotApiGw", "ApiGateways\OcelotApiGw\OcelotApiGw.csproj", "{4105B185-0216-8F7A-5738-252A8CC322E4}"
EndProject
Project("{9A19103F-16F7-4668-BE54-9A1E7A4F7556}") = "EventBus.Messages", "EventBus.Messagest\EventBus.Messages.csproj", "{6B061914-43AA-AF1D-D14C-89020E9C0E29}"
EndProject
Project("{9A19103F-16F7-4668-BE54-9A1E7A4F7556}") = "Chat.Api", "Chat.Api\Chat.Api.csproj", "{EDEEC4E6-33FC-9021-049D-D93475DB98D4}"
EndProject
Project("{9A19103F-16F7-4668-BE54-9A1E7A4F7556}") = "IdentityServer", "IdentityServer\IdentityServer.csproj", "{AF5BEFDA-28AE-7603-040D-593562AC6BD5}"
EndProject
Project("{9A19103F-16F7-4668-BE54-9A1E7A4F7556}") = "Notification.API", "Notification.API\Notification.API.csproj", "{AEE16E1D-7A45-E09C-6093-C980F0A16CD8}"
EndProject
Project("{9A19103F-16F7-4668-BE54-9A1E7A4F7556}") = "Notification.Application", "Notification.Application\Notification.Application.csproj", "{07E17647-BB0B-F423-0C26-A66A8B09F264}"
EndProject
Project("{9A19103F-16F7-4668-BE54-9A1E7A4F7556}") = "Notification.Domain", "Notification.Domain\Notification.Domain.csproj", "{749A6257-2CE3-A72B-4316-67BEA5DC3F32}"
EndProject
Project("{9A19103F-16F7-4668-BE54-9A1E7A4F7556}") = "Notification.Infrastructure", "Notification.Infrastructure\Notification.Infrastructure.csproj", "{B5C26F80-4533-A0F1-AE86-9C6A925B296B}"
EndProject
Project("{9A19103F-16F7-4668-BE54-9A1E7A4F7556}") = "Post.Api", "Post.Api\Post.Api.csproj", "{0BB67BD2-AD2E-32C5-770B-11A84ECD4A19}"
EndProject
Project("{9A19103F-16F7-4668-BE54-9A1E7A4F7556}") = "Post.Core", "Post.Core\Post.Core.csproj", "{384E22F0-33EB-A16B-A34E-9C2555B73EEC}"
EndProject
Project("{9A19103F-16F7-4668-BE54-9A1E7A4F7556}") = "Post.Infrastructure", "Post.Infrastructure\Post.Infrastructure.csproj", "{5A4346F3-FE1E-0F81-16B0-027050F2F82D}"
EndProject
Project("{2150E333-8FDC-42A3-9474-1A3956D46DE8}") = "User", "User", "{BCB07628-CF17-4700-82AD-1FDC7D4C5E8B}"
EndProject
Project("{9A19103F-16F7-4668-BE54-9A1E7A4F7556}") = "User.Api", "User.Api\User.Api.csproj", "{8856A0DA-D97A-C770-843F-71486383EDD9}"
EndProject
Project("{9A19103F-16F7-4668-BE54-9A1E7A4F7556}") = "User.Grpc", "User.Grpc\User.Grpc.csproj", "{B4E18FBC-B452-6AEB-C415-C29E563E129A}"
EndProject
Project("{E53339B2-1760-4266-BCC7-CA923CBCF16C}") = "docker-compose", "docker-compose.dcproj", "{45121C39-8F5B-4209-81E0-BD960BE3A96A}"
EndProject
Global
	GlobalSection(SolutionConfigurationPlatforms) = preSolution
		Debug|Any CPU = Debug|Any CPU
		Release|Any CPU = Release|Any CPU
	EndGlobalSection
	GlobalSection(ProjectConfigurationPlatforms) = postSolution
		{4105B185-0216-8F7A-5738-252A8CC322E4}.Debug|Any CPU.ActiveCfg = Debug|Any CPU
		{4105B185-0216-8F7A-5738-252A8CC322E4}.Debug|Any CPU.Build.0 = Debug|Any CPU
		{4105B185-0216-8F7A-5738-252A8CC322E4}.Release|Any CPU.ActiveCfg = Release|Any CPU
		{4105B185-0216-8F7A-5738-252A8CC322E4}.Release|Any CPU.Build.0 = Release|Any CPU
		{6B061914-43AA-AF1D-D14C-89020E9C0E29}.Debug|Any CPU.ActiveCfg = Debug|Any CPU
		{6B061914-43AA-AF1D-D14C-89020E9C0E29}.Debug|Any CPU.Build.0 = Debug|Any CPU
		{6B061914-43AA-AF1D-D14C-89020E9C0E29}.Release|Any CPU.ActiveCfg = Release|Any CPU
		{6B061914-43AA-AF1D-D14C-89020E9C0E29}.Release|Any CPU.Build.0 = Release|Any CPU
		{EDEEC4E6-33FC-9021-049D-D93475DB98D4}.Debug|Any CPU.ActiveCfg = Debug|Any CPU
		{EDEEC4E6-33FC-9021-049D-D93475DB98D4}.Debug|Any CPU.Build.0 = Debug|Any CPU
		{EDEEC4E6-33FC-9021-049D-D93475DB98D4}.Release|Any CPU.ActiveCfg = Release|Any CPU
		{EDEEC4E6-33FC-9021-049D-D93475DB98D4}.Release|Any CPU.Build.0 = Release|Any CPU
		{AF5BEFDA-28AE-7603-040D-593562AC6BD5}.Debug|Any CPU.ActiveCfg = Debug|Any CPU
		{AF5BEFDA-28AE-7603-040D-593562AC6BD5}.Debug|Any CPU.Build.0 = Debug|Any CPU
		{AF5BEFDA-28AE-7603-040D-593562AC6BD5}.Release|Any CPU.ActiveCfg = Release|Any CPU
		{AF5BEFDA-28AE-7603-040D-593562AC6BD5}.Release|Any CPU.Build.0 = Release|Any CPU
		{AEE16E1D-7A45-E09C-6093-C980F0A16CD8}.Debug|Any CPU.ActiveCfg = Debug|Any CPU
		{AEE16E1D-7A45-E09C-6093-C980F0A16CD8}.Debug|Any CPU.Build.0 = Debug|Any CPU
		{AEE16E1D-7A45-E09C-6093-C980F0A16CD8}.Release|Any CPU.ActiveCfg = Release|Any CPU
		{AEE16E1D-7A45-E09C-6093-C980F0A16CD8}.Release|Any CPU.Build.0 = Release|Any CPU
		{07E17647-BB0B-F423-0C26-A66A8B09F264}.Debug|Any CPU.ActiveCfg = Debug|Any CPU
		{07E17647-BB0B-F423-0C26-A66A8B09F264}.Debug|Any CPU.Build.0 = Debug|Any CPU
		{07E17647-BB0B-F423-0C26-A66A8B09F264}.Release|Any CPU.ActiveCfg = Release|Any CPU
		{07E17647-BB0B-F423-0C26-A66A8B09F264}.Release|Any CPU.Build.0 = Release|Any CPU
		{749A6257-2CE3-A72B-4316-67BEA5DC3F32}.Debug|Any CPU.ActiveCfg = Debug|Any CPU
		{749A6257-2CE3-A72B-4316-67BEA5DC3F32}.Debug|Any CPU.Build.0 = Debug|Any CPU
		{749A6257-2CE3-A72B-4316-67BEA5DC3F32}.Release|Any CPU.ActiveCfg = Release|Any CPU
		{749A6257-2CE3-A72B-4316-67BEA5DC3F32}.Release|Any CPU.Build.0 = Release|Any CPU
		{B5C26F80-4533-A0F1-AE86-9C6A925B296B}.Debug|Any CPU.ActiveCfg = Debug|Any CPU
		{B5C26F80-4533-A0F1-AE86-9C6A925B296B}.Debug|Any CPU.Build.0 = Debug|Any CPU
		{B5C26F80-4533-A0F1-AE86-9C6A925B296B}.Release|Any CPU.ActiveCfg = Release|Any CPU
		{B5C26F80-4533-A0F1-AE86-9C6A925B296B}.Release|Any CPU.Build.0 = Release|Any CPU
		{0BB67BD2-AD2E-32C5-770B-11A84ECD4A19}.Debug|Any CPU.ActiveCfg = Debug|Any CPU
		{0BB67BD2-AD2E-32C5-770B-11A84ECD4A19}.Debug|Any CPU.Build.0 = Debug|Any CPU
		{0BB67BD2-AD2E-32C5-770B-11A84ECD4A19}.Release|Any CPU.ActiveCfg = Release|Any CPU
		{0BB67BD2-AD2E-32C5-770B-11A84ECD4A19}.Release|Any CPU.Build.0 = Release|Any CPU
		{384E22F0-33EB-A16B-A34E-9C2555B73EEC}.Debug|Any CPU.ActiveCfg = Debug|Any CPU
		{384E22F0-33EB-A16B-A34E-9C2555B73EEC}.Debug|Any CPU.Build.0 = Debug|Any CPU
		{384E22F0-33EB-A16B-A34E-9C2555B73EEC}.Release|Any CPU.ActiveCfg = Release|Any CPU
		{384E22F0-33EB-A16B-A34E-9C2555B73EEC}.Release|Any CPU.Build.0 = Release|Any CPU
		{5A4346F3-FE1E-0F81-16B0-027050F2F82D}.Debug|Any CPU.ActiveCfg = Debug|Any CPU
		{5A4346F3-FE1E-0F81-16B0-027050F2F82D}.Debug|Any CPU.Build.0 = Debug|Any CPU
		{5A4346F3-FE1E-0F81-16B0-027050F2F82D}.Release|Any CPU.ActiveCfg = Release|Any CPU
		{5A4346F3-FE1E-0F81-16B0-027050F2F82D}.Release|Any CPU.Build.0 = Release|Any CPU
		{8856A0DA-D97A-C770-843F-71486383EDD9}.Debug|Any CPU.ActiveCfg = Debug|Any CPU
		{8856A0DA-D97A-C770-843F-71486383EDD9}.Debug|Any CPU.Build.0 = Debug|Any CPU
		{8856A0DA-D97A-C770-843F-71486383EDD9}.Release|Any CPU.ActiveCfg = Release|Any CPU
		{8856A0DA-D97A-C770-843F-71486383EDD9}.Release|Any CPU.Build.0 = Release|Any CPU
		{B4E18FBC-B452-6AEB-C415-C29E563E129A}.Debug|Any CPU.ActiveCfg = Debug|Any CPU
		{B4E18FBC-B452-6AEB-C415-C29E563E129A}.Debug|Any CPU.Build.0 = Debug|Any CPU
		{B4E18FBC-B452-6AEB-C415-C29E563E129A}.Release|Any CPU.ActiveCfg = Release|Any CPU
		{B4E18FBC-B452-6AEB-C415-C29E563E129A}.Release|Any CPU.Build.0 = Release|Any CPU
		{45121C39-8F5B-4209-81E0-BD960BE3A96A}.Debug|Any CPU.ActiveCfg = Debug|Any CPU
		{45121C39-8F5B-4209-81E0-BD960BE3A96A}.Debug|Any CPU.Build.0 = Debug|Any CPU
		{45121C39-8F5B-4209-81E0-BD960BE3A96A}.Release|Any CPU.ActiveCfg = Release|Any CPU
		{45121C39-8F5B-4209-81E0-BD960BE3A96A}.Release|Any CPU.Build.0 = Release|Any CPU
	EndGlobalSection
	GlobalSection(SolutionProperties) = preSolution
		HideSolutionNode = FALSE
	EndGlobalSection
	GlobalSection(NestedProjects) = preSolution
		{02EA681E-C7D8-13C7-8484-4AC65E1B71E8} = {93E167E1-D727-4F96-9E35-6B0C4D240EC0}
		{6A3CA002-41C3-49B5-826B-440EA28A7434} = {93E167E1-D727-4F96-9E35-6B0C4D240EC0}
		{A358FC74-9F13-43E0-9499-03F53FD998AF} = {93E167E1-D727-4F96-9E35-6B0C4D240EC0}
		{DED3AB21-FE72-401F-BB9E-9DC834F2C49B} = {A358FC74-9F13-43E0-9499-03F53FD998AF}
		{032ED075-2361-4D5D-B7A8-1B615DAD81C5} = {A358FC74-9F13-43E0-9499-03F53FD998AF}
		{90173416-DE1F-4E99-BA9A-6507FA58A782} = {A358FC74-9F13-43E0-9499-03F53FD998AF}
		{42223C99-018D-4E5A-B713-A3F2C36FEA93} = {A358FC74-9F13-43E0-9499-03F53FD998AF}
		{4105B185-0216-8F7A-5738-252A8CC322E4} = {02EA681E-C7D8-13C7-8484-4AC65E1B71E8}
		{6B061914-43AA-AF1D-D14C-89020E9C0E29} = {6A3CA002-41C3-49B5-826B-440EA28A7434}
		{EDEEC4E6-33FC-9021-049D-D93475DB98D4} = {DED3AB21-FE72-401F-BB9E-9DC834F2C49B}
		{AF5BEFDA-28AE-7603-040D-593562AC6BD5} = {90173416-DE1F-4E99-BA9A-6507FA58A782}
		{AEE16E1D-7A45-E09C-6093-C980F0A16CD8} = {42223C99-018D-4E5A-B713-A3F2C36FEA93}
		{07E17647-BB0B-F423-0C26-A66A8B09F264} = {42223C99-018D-4E5A-B713-A3F2C36FEA93}
		{749A6257-2CE3-A72B-4316-67BEA5DC3F32} = {42223C99-018D-4E5A-B713-A3F2C36FEA93}
		{B5C26F80-4533-A0F1-AE86-9C6A925B296B} = {42223C99-018D-4E5A-B713-A3F2C36FEA93}
		{0BB67BD2-AD2E-32C5-770B-11A84ECD4A19} = {032ED075-2361-4D5D-B7A8-1B615DAD81C5}
		{384E22F0-33EB-A16B-A34E-9C2555B73EEC} = {032ED075-2361-4D5D-B7A8-1B615DAD81C5}
		{5A4346F3-FE1E-0F81-16B0-027050F2F82D} = {032ED075-2361-4D5D-B7A8-1B615DAD81C5}
		{BCB07628-CF17-4700-82AD-1FDC7D4C5E8B} = {A358FC74-9F13-43E0-9499-03F53FD998AF}
		{8856A0DA-D97A-C770-843F-71486383EDD9} = {BCB07628-CF17-4700-82AD-1FDC7D4C5E8B}
		{B4E18FBC-B452-6AEB-C415-C29E563E129A} = {BCB07628-CF17-4700-82AD-1FDC7D4C5E8B}
	EndGlobalSection
	GlobalSection(ExtensibilityGlobals) = postSolution
		SolutionGuid = {2B28629F-0F43-4349-93B4-118A9D6A003C}
	EndGlobalSection
EndGlobal
